hash: ee74bf09239bf312c769f14353cdda5234e1a3c8795c46650180402728796973
updated: 2019-06-05T14:05:33.563612048+10:00
imports:
- name: github.com/allegro/bigcache
  version: 84a0ff3f153cbd7e280a19029a864bb04b504e62
  subpackages:
  - queue
- name: github.com/AndreasBriese/bbloom
  version: e2d15f34fcf99d5dbb871c820ec73f710fca9815
- name: github.com/certifi/gocertifi
  version: d2eda712971317d7dd278bc2a52acda7e945f97e
- name: github.com/dgraph-io/badger
  version: deee8c7ae70bab412e4f10cfa068e0be61a8d0eb
  subpackages:
  - options
  - pb
  - skl
  - table
  - "y"
- name: github.com/dgryski/go-farm
  version: 6a90982ecee230ff6cba02d5bd386acc030be9d3
- name: github.com/dustin/go-humanize
  version: 9f541cc9db5d55bce703bd99987c9d5cb8eea45e
- name: github.com/evalphobia/logrus_sentry
  version: ab0fa2ee9517a8e8c1de1c07e492e8164f852529
- name: github.com/facebookgo/atomicfile
  version: 2de1f203e7d5e386a6833233882782932729f27e
- name: github.com/facebookgo/pidfile
  version: f242e2999868dcd267a2b86e49ce1f9cf9e15b16
- name: github.com/fortytw2/leaktest
  version: 4a188b4836680b25b689fe42fa7caba17fc5df1f
- name: github.com/fsnotify/fsnotify
  version: 1485a34d5d5723fea214f5710708e19a831720e4
- name: github.com/getsentry/raven-go
  version: f04e7487e9a6b9d9837d52743fb5f40576c56411
- name: github.com/golang/mock
  version: 9fa652df1129bef0e734c9cf9bf6dbae9ef3b9fa
  subpackages:
  - gomock
- name: github.com/golang/protobuf
  version: b5d812f8a3706043e23a9cd5babf2e5423744d30
  subpackages:
  - proto
  - ptypes
  - ptypes/any
  - ptypes/duration
  - ptypes/empty
  - ptypes/timestamp
- name: github.com/hashicorp/errwrap
  version: 8a6fb523712970c966eefc6b39ed2c5e74880354
- name: github.com/hashicorp/go-multierror
  version: 886a7fbe3eb1c874d46f623bfa70af45f425b3d1
- name: github.com/hashicorp/golang-lru
  version: 7087cb70de9f7a8bc0a10c375cb0d2280a8edf9c
  subpackages:
  - simplelru
- name: github.com/hashicorp/hcl
  version: 99e2f22d1c94b272184d97dd9d252866409100ab
  subpackages:
  - hcl/ast
  - hcl/parser
  - hcl/printer
  - hcl/scanner
  - hcl/strconv
  - hcl/token
  - json/parser
  - json/scanner
  - json/token
- name: github.com/inconshreveable/mousetrap
  version: 76626ae9c91c4f2a10f34cad8ce83ea42c93bb75
- name: github.com/konsorten/go-windows-terminal-sequences
  version: f55edac94c9bbba5d6182a4be46d86a2c9b5b50e
- name: github.com/magiconair/properties
  version: de8848e004dd33dc07a2947b3d76f618a7fc7ef1
- name: github.com/mitchellh/mapstructure
  version: 3536a929edddb9a5b34bd6861dc4a9647cb459fe
- name: github.com/pelletier/go-toml
  version: 728039f679cbcd4f6a54e080d2219a4c4928c546
- name: github.com/pkg/errors
  version: ba968bfe8b2f7e042a574c888954fccecfa385b4
- name: github.com/rifflock/lfshook
  version: b9218ef580f59a2e72dad1aa33d660150445d05a
- name: github.com/rs/xid
  version: 15d26544def341f036c5f8dca987a4cbe575032c
- name: github.com/sirupsen/logrus
  version: 839c75faf7f98a33d445d181f3018b5c3409a45e
- name: github.com/spf13/afero
  version: 588a75ec4f32903aa5e39a2619ba6a4631e28424
  subpackages:
  - mem
- name: github.com/spf13/cast
  version: 8c9545af88b134710ab1cd196795e7f2388358d7
- name: github.com/spf13/cobra
  version: 67fc4837d267bc9bfd6e47f77783fcc3dffc68de
- name: github.com/spf13/jwalterweatherman
  version: 94f6ae3ed3bceceafa716478c5fbf8d29ca601a1
- name: github.com/spf13/pflag
  version: 24fa6976df40757dce6aea913e7b81ade90530e1
- name: github.com/spf13/viper
  version: b5bf975e5823809fb22c7644d008757f78a4259e
- name: github.com/tebeka/atexit
  version: 246bd1df1758fe9df5a88fc3e0f6e77271e97e55
- name: github.com/urfave/cli
  version: cfb38830724cc34fedffe9a2a29fb54fa9169cd1
- name: golang.org/x/net
  version: a4d6f7feada510cc50e69a37b484cb0fdc6b7876
  subpackages:
  - context
  - http/httpguts
  - http2
  - http2/hpack
  - idna
  - internal/timeseries
  - trace
- name: golang.org/x/sys
  version: a5b02f93d862f065920dd6a40dddc66b60d0dec4
  subpackages:
  - unix
  - windows
  - windows/registry
  - windows/svc/eventlog
- name: golang.org/x/text
  version: 342b2e1fbaa52c93f31447ad2c6abc048c63e475
  subpackages:
  - secure/bidirule
  - transform
  - unicode/bidi
  - unicode/norm
- name: google.golang.org/genproto
  version: b515fa19cec88c32f305a962f34ae60068947aea
  subpackages:
  - googleapis/rpc/status
- name: google.golang.org/grpc
  version: 501c41df7f472c740d0674ff27122f3f48c80ce7
  subpackages:
  - balancer
  - balancer/base
  - balancer/roundrobin
  - binarylog/grpc_binarylog_v1
  - codes
  - connectivity
  - credentials
  - credentials/internal
  - encoding
  - encoding/proto
  - grpclog
  - internal
  - internal/backoff
  - internal/balancerload
  - internal/binarylog
  - internal/channelz
  - internal/envconfig
  - internal/grpcrand
  - internal/grpcsync
  - internal/syscall
  - internal/transport
  - keepalive
  - metadata
  - naming
  - peer
  - resolver
  - resolver/dns
  - resolver/passthrough
  - stats
  - status
  - tap
- name: gopkg.in/yaml.v2
  version: 51d6538a90f86fe93ac480b35f37b2be17fef232
testImports:
- name: github.com/davecgh/go-spew
  version: 8991bc29aa16c548c550c7ff78260e27b9ab7c73
  subpackages:
  - spew
- name: github.com/pmezard/go-difflib
  version: 5d4384ee4fb2527b0a1256a821ebfc92f91efefc
  subpackages:
  - difflib
- name: github.com/stretchr/testify
  version: ffdc059bfe9ce6a4e144ba849dbedead332c6053
  subpackages:
  - assert
