hash: e10850ed0b4c1c2325f20b05d225e16eff667f1fd26e238d28521a9b08ef07a5
updated: 2019-04-09T17:30:11.590154+10:00
imports:
- name: github.com/allegro/bigcache
  version: 84a0ff3f153cbd7e280a19029a864bb04b504e62
  subpackages:
  - queue
- name: github.com/AndreasBriese/bbloom
  version: 343706a395b76e5ca5c7dca46a5d937b48febc74
- name: github.com/dgraph-io/badger
  version: 439fd464b155d419201a5c195c70d40618376776
  subpackages:
  - options
  - protos
  - skl
  - table
  - "y"
- name: github.com/dgryski/go-farm
  version: 2de33835d10275975374b37b2dcfd22c9020a1f5
- name: github.com/facebookgo/atomicfile
  version: 2de1f203e7d5e386a6833233882782932729f27e
- name: github.com/facebookgo/pidfile
  version: f242e2999868dcd267a2b86e49ce1f9cf9e15b16
- name: github.com/fsnotify/fsnotify
  version: ccc981bf80385c528a65fbfdd49bf2d8da22aa23
- name: github.com/golang/protobuf
  version: b5d812f8a3706043e23a9cd5babf2e5423744d30
  subpackages:
  - proto
  - ptypes
  - ptypes/any
  - ptypes/duration
  - ptypes/timestamp
- name: github.com/hashicorp/errwrap
  version: 8a6fb523712970c966eefc6b39ed2c5e74880354
- name: github.com/hashicorp/go-multierror
  version: 886a7fbe3eb1c874d46f623bfa70af45f425b3d1
- name: github.com/hashicorp/golang-lru
  version: 7087cb70de9f7a8bc0a10c375cb0d2280a8edf9c
  subpackages:
  - simplelru
- name: github.com/hashicorp/hcl
  version: 65a6292f0157eff210d03ed1bf6c59b190b8b906
  subpackages:
  - hcl/ast
  - hcl/parser
  - hcl/printer
  - hcl/scanner
  - hcl/strconv
  - hcl/token
  - json/parser
  - json/scanner
  - json/token
- name: github.com/inconshreveable/mousetrap
  version: 76626ae9c91c4f2a10f34cad8ce83ea42c93bb75
- name: github.com/konsorten/go-windows-terminal-sequences
  version: 5c8c8bd35d3832f5d134ae1e1e375b69a4d25242
- name: github.com/magiconair/properties
  version: c2353362d570a7bfa228149c62842019201cfb71
- name: github.com/mitchellh/mapstructure
  version: 3536a929edddb9a5b34bd6861dc4a9647cb459fe
- name: github.com/pelletier/go-toml
  version: 81a861c69d25a841d0c4394f0e6f84bc8c5afae0
- name: github.com/pkg/errors
  version: ba968bfe8b2f7e042a574c888954fccecfa385b4
- name: github.com/rifflock/lfshook
  version: b9218ef580f59a2e72dad1aa33d660150445d05a
- name: github.com/rs/xid
  version: 15d26544def341f036c5f8dca987a4cbe575032c
- name: github.com/sirupsen/logrus
  version: 8bdbc7bcc01dcbb8ec23dc8a28e332258d25251f
- name: github.com/spf13/afero
  version: d40851caa0d747393da1ffb28f7f9d8b4eeffebd
  subpackages:
  - mem
- name: github.com/spf13/cast
  version: 8c9545af88b134710ab1cd196795e7f2388358d7
- name: github.com/spf13/cobra
  version: ef82de70bb3f60c65fb8eebacbb2d122ef517385
- name: github.com/spf13/jwalterweatherman
  version: 94f6ae3ed3bceceafa716478c5fbf8d29ca601a1
- name: github.com/spf13/pflag
  version: 082b515c9490f4eccc758469c3152b77d139f868
- name: github.com/spf13/viper
  version: 9e56dacc08fbbf8c9ee2dbc717553c758ce42bc9
- name: github.com/tebeka/atexit
  version: 246bd1df1758fe9df5a88fc3e0f6e77271e97e55
- name: github.com/urfave/cli
  version: cfb38830724cc34fedffe9a2a29fb54fa9169cd1
- name: golang.org/x/net
  version: c44066c5c816ec500d459a2a324a753f78531ae0
  subpackages:
  - context
  - http/httpguts
  - http2
  - http2/hpack
  - idna
  - internal/timeseries
  - trace
- name: golang.org/x/sys
  version: 95b1ffbd15a57cc5abb3f04402b9e8ec0016a52c
  subpackages:
  - unix
  - windows
  - windows/registry
  - windows/svc/eventlog
- name: golang.org/x/text
  version: 4d1c5fb19474adfe9562c9847ba425e7da817e81
  subpackages:
  - secure/bidirule
  - transform
  - unicode/bidi
  - unicode/norm
- name: google.golang.org/genproto
  version: c830210a61dfaa790e1920f8d0470fc27bc2efbe
  subpackages:
  - googleapis/rpc/status
- name: google.golang.org/grpc
  version: 3507fb8e1a5ad030303c106fef3a47c9fdad16ad
  subpackages:
  - balancer
  - balancer/base
  - balancer/roundrobin
  - binarylog/grpc_binarylog_v1
  - codes
  - connectivity
  - credentials
  - credentials/internal
  - encoding
  - encoding/proto
  - grpclog
  - internal
  - internal/backoff
  - internal/binarylog
  - internal/channelz
  - internal/envconfig
  - internal/grpcrand
  - internal/grpcsync
  - internal/syscall
  - internal/transport
  - keepalive
  - metadata
  - naming
  - peer
  - resolver
  - resolver/dns
  - resolver/passthrough
  - stats
  - status
  - tap
- name: gopkg.in/yaml.v2
  version: 5420a8b6744d3b0345ab293f6fcba19c978f1183
testImports:
- name: github.com/davecgh/go-spew
  version: 8991bc29aa16c548c550c7ff78260e27b9ab7c73
  subpackages:
  - spew
- name: github.com/pmezard/go-difflib
  version: 792786c7400a136282c1664665ae0a8db921c6c2
  subpackages:
  - difflib
- name: github.com/stretchr/testify
  version: ffdc059bfe9ce6a4e144ba849dbedead332c6053
  subpackages:
  - assert
